// !$*UTF8*$!
{
	archiveVersion = 1;
	classes = {
	};
	objectVersion = 50;
	objects = {

/* Begin PBXBuildFile section */
		9078A2B021B7236500576D4C /* UpdateService.swift in Sources */ = {isa = PBXBuildFile; fileRef = 9078A2AF21B7236500576D4C /* UpdateService.swift */; };
		90D7B47721B21EB800F85FBC /* AppDelegate.swift in Sources */ = {isa = PBXBuildFile; fileRef = 90D7B47621B21EB800F85FBC /* AppDelegate.swift */; };
		90D7B47921B21EB800F85FBC /* ViewController.swift in Sources */ = {isa = PBXBuildFile; fileRef = 90D7B47821B21EB800F85FBC /* ViewController.swift */; };
		90D7B47C21B21EB800F85FBC /* Main.storyboard in Resources */ = {isa = PBXBuildFile; fileRef = 90D7B47A21B21EB800F85FBC /* Main.storyboard */; };
		90D7B47E21B21EBA00F85FBC /* Assets.xcassets in Resources */ = {isa = PBXBuildFile; fileRef = 90D7B47D21B21EBA00F85FBC /* Assets.xcassets */; };
		90D7B48121B21EBA00F85FBC /* LaunchScreen.storyboard in Resources */ = {isa = PBXBuildFile; fileRef = 90D7B47F21B21EBA00F85FBC /* LaunchScreen.storyboard */; };
		90D7B48921B21EE400F85FBC /* ReadMe.swift in Sources */ = {isa = PBXBuildFile; fileRef = 90D7B48821B21EE400F85FBC /* ReadMe.swift */; };
		90D7B48F21B2BDFC00F85FBC /* WebService.swift in Sources */ = {isa = PBXBuildFile; fileRef = 90D7B48E21B2BDFC00F85FBC /* WebService.swift */; };
		90D7B49121B4242F00F85FBC /* DarkSkyCodeable.swift in Sources */ = {isa = PBXBuildFile; fileRef = 90D7B49021B4242F00F85FBC /* DarkSkyCodeable.swift */; };
		90D7B49521B4945900F85FBC /* WeatherAPIService.swift in Sources */ = {isa = PBXBuildFile; fileRef = 90D7B49421B4945900F85FBC /* WeatherAPIService.swift */; };
		90D7B49721B4976B00F85FBC /* APIKeys.swift in Sources */ = {isa = PBXBuildFile; fileRef = 90D7B49621B4976B00F85FBC /* APIKeys.swift */; };
		90D7B49921B4D1BE00F85FBC /* LocationService.swift in Sources */ = {isa = PBXBuildFile; fileRef = 90D7B49821B4D1BE00F85FBC /* LocationService.swift */; };
		90D7B49D21B5BC6D00F85FBC /* DailyWeatherTableViewCell.swift in Sources */ = {isa = PBXBuildFile; fileRef = 90D7B49C21B5BC6D00F85FBC /* DailyWeatherTableViewCell.swift */; };
		90D7B49F21B649F400F85FBC /* WeatherViewModel.swift in Sources */ = {isa = PBXBuildFile; fileRef = 90D7B49E21B649F400F85FBC /* WeatherViewModel.swift */; };
/* End PBXBuildFile section */

/* Begin PBXFileReference section */
		9078A2AF21B7236500576D4C /* UpdateService.swift */ = {isa = PBXFileReference; lastKnownFileType = sourcecode.swift; path = UpdateService.swift; sourceTree = "<group>"; };
		90D7B47321B21EB800F85FBC /* WeatherMan.app */ = {isa = PBXFileReference; explicitFileType = wrapper.application; includeInIndex = 0; path = WeatherMan.app; sourceTree = BUILT_PRODUCTS_DIR; };
		90D7B47621B21EB800F85FBC /* AppDelegate.swift */ = {isa = PBXFileReference; lastKnownFileType = sourcecode.swift; path = AppDelegate.swift; sourceTree = "<group>"; };
		90D7B47821B21EB800F85FBC /* ViewController.swift */ = {isa = PBXFileReference; lastKnownFileType = sourcecode.swift; path = ViewController.swift; sourceTree = "<group>"; };
		90D7B47B21B21EB800F85FBC /* Base */ = {isa = PBXFileReference; lastKnownFileType = file.storyboard; name = Base; path = Base.lproj/Main.storyboard; sourceTree = "<group>"; };
		90D7B47D21B21EBA00F85FBC /* Assets.xcassets */ = {isa = PBXFileReference; lastKnownFileType = folder.assetcatalog; path = Assets.xcassets; sourceTree = "<group>"; };
		90D7B48021B21EBA00F85FBC /* Base */ = {isa = PBXFileReference; lastKnownFileType = file.storyboard; name = Base; path = Base.lproj/LaunchScreen.storyboard; sourceTree = "<group>"; };
		90D7B48221B21EBA00F85FBC /* Info.plist */ = {isa = PBXFileReference; lastKnownFileType = text.plist.xml; path = Info.plist; sourceTree = "<group>"; };
		90D7B48821B21EE400F85FBC /* ReadMe.swift */ = {isa = PBXFileReference; lastKnownFileType = sourcecode.swift; path = ReadMe.swift; sourceTree = "<group>"; };
		90D7B48E21B2BDFC00F85FBC /* WebService.swift */ = {isa = PBXFileReference; lastKnownFileType = sourcecode.swift; path = WebService.swift; sourceTree = "<group>"; };
		90D7B49021B4242F00F85FBC /* DarkSkyCodeable.swift */ = {isa = PBXFileReference; lastKnownFileType = sourcecode.swift; path = DarkSkyCodeable.swift; sourceTree = "<group>"; };
		90D7B49421B4945900F85FBC /* WeatherAPIService.swift */ = {isa = PBXFileReference; lastKnownFileType = sourcecode.swift; path = WeatherAPIService.swift; sourceTree = "<group>"; };
		90D7B49621B4976B00F85FBC /* APIKeys.swift */ = {isa = PBXFileReference; lastKnownFileType = sourcecode.swift; path = APIKeys.swift; sourceTree = "<group>"; };
		90D7B49821B4D1BE00F85FBC /* LocationService.swift */ = {isa = PBXFileReference; lastKnownFileType = sourcecode.swift; path = LocationService.swift; sourceTree = "<group>"; };
		90D7B49C21B5BC6D00F85FBC /* DailyWeatherTableViewCell.swift */ = {isa = PBXFileReference; lastKnownFileType = sourcecode.swift; path = DailyWeatherTableViewCell.swift; sourceTree = "<group>"; };
		90D7B49E21B649F400F85FBC /* WeatherViewModel.swift */ = {isa = PBXFileReference; lastKnownFileType = sourcecode.swift; path = WeatherViewModel.swift; sourceTree = "<group>"; };
/* End PBXFileReference section */

/* Begin PBXFrameworksBuildPhase section */
		90D7B47021B21EB800F85FBC /* Frameworks */ = {
			isa = PBXFrameworksBuildPhase;
			buildActionMask = 2147483647;
			files = (
			);
			runOnlyForDeploymentPostprocessing = 0;
		};
/* End PBXFrameworksBuildPhase section */

/* Begin PBXGroup section */
		90D7B46A21B21EB800F85FBC = {
			isa = PBXGroup;
			children = (
				90D7B47521B21EB800F85FBC /* WeatherMan */,
				90D7B47421B21EB800F85FBC /* Products */,
			);
			sourceTree = "<group>";
		};
		90D7B47421B21EB800F85FBC /* Products */ = {
			isa = PBXGroup;
			children = (
				90D7B47321B21EB800F85FBC /* WeatherMan.app */,
			);
			name = Products;
			sourceTree = "<group>";
		};
		90D7B47521B21EB800F85FBC /* WeatherMan */ = {
			isa = PBXGroup;
			children = (
				90D7B47621B21EB800F85FBC /* AppDelegate.swift */,
				90D7B49A21B5888B00F85FBC /* View */,
				90D7B49B21B588A700F85FBC /* ViewControllers */,
				90D7B49221B4245700F85FBC /* Model */,
				90D7B49321B4943A00F85FBC /* Service */,
				90D7B47D21B21EBA00F85FBC /* Assets.xcassets */,
				90D7B48221B21EBA00F85FBC /* Info.plist */,
				90D7B48821B21EE400F85FBC /* ReadMe.swift */,
			);
			path = WeatherMan;
			sourceTree = "<group>";
		};
		90D7B49221B4245700F85FBC /* Model */ = {
			isa = PBXGroup;
			children = (
				90D7B49021B4242F00F85FBC /* DarkSkyCodeable.swift */,
				90D7B49E21B649F400F85FBC /* WeatherViewModel.swift */,
			);
			path = Model;
			sourceTree = "<group>";
		};
		90D7B49321B4943A00F85FBC /* Service */ = {
			isa = PBXGroup;
			children = (
				90D7B48E21B2BDFC00F85FBC /* WebService.swift */,
				90D7B49421B4945900F85FBC /* WeatherAPIService.swift */,
				90D7B49621B4976B00F85FBC /* APIKeys.swift */,
				90D7B49821B4D1BE00F85FBC /* LocationService.swift */,
				9078A2AF21B7236500576D4C /* UpdateService.swift */,
			);
			path = Service;
			sourceTree = "<group>";
		};
		90D7B49A21B5888B00F85FBC /* View */ = {
			isa = PBXGroup;
			children = (
				90D7B47F21B21EBA00F85FBC /* LaunchScreen.storyboard */,
				90D7B47A21B21EB800F85FBC /* Main.storyboard */,
			);
			path = View;
			sourceTree = "<group>";
		};
		90D7B49B21B588A700F85FBC /* ViewControllers */ = {
			isa = PBXGroup;
			children = (
				90D7B47821B21EB800F85FBC /* ViewController.swift */,
				90D7B49C21B5BC6D00F85FBC /* DailyWeatherTableViewCell.swift */,
			);
			path = ViewControllers;
			sourceTree = "<group>";
		};
/* End PBXGroup section */

/* Begin PBXNativeTarget section */
		90D7B47221B21EB800F85FBC /* WeatherMan */ = {
			isa = PBXNativeTarget;
			buildConfigurationList = 90D7B48521B21EBA00F85FBC /* Build configuration list for PBXNativeTarget "WeatherMan" */;
			buildPhases = (
				90D7B46F21B21EB800F85FBC /* Sources */,
				90D7B47021B21EB800F85FBC /* Frameworks */,
				90D7B47121B21EB800F85FBC /* Resources */,
			);
			buildRules = (
			);
			dependencies = (
			);
			name = WeatherMan;
			productName = WeatherMan;
			productReference = 90D7B47321B21EB800F85FBC /* WeatherMan.app */;
			productType = "com.apple.product-type.application";
		};
/* End PBXNativeTarget section */

/* Begin PBXProject section */
		90D7B46B21B21EB800F85FBC /* Project object */ = {
			isa = PBXProject;
			attributes = {
				LastSwiftUpdateCheck = 1010;
				LastUpgradeCheck = 1010;
				ORGANIZATIONNAME = "Andrew Riznyk";
				TargetAttributes = {
					90D7B47221B21EB800F85FBC = {
						CreatedOnToolsVersion = 10.1;
					};
				};
			};
			buildConfigurationList = 90D7B46E21B21EB800F85FBC /* Build configuration list for PBXProject "WeatherMan" */;
			compatibilityVersion = "Xcode 9.3";
			developmentRegion = en;
			hasScannedForEncodings = 0;
			knownRegions = (
				en,
				Base,
			);
			mainGroup = 90D7B46A21B21EB800F85FBC;
			productRefGroup = 90D7B47421B21EB800F85FBC /* Products */;
			projectDirPath = "";
			projectRoot = "";
			targets = (
				90D7B47221B21EB800F85FBC /* WeatherMan */,
			);
		};
/* End PBXProject section */

/* Begin PBXResourcesBuildPhase section */
		90D7B47121B21EB800F85FBC /* Resources */ = {
			isa = PBXResourcesBuildPhase;
			buildActionMask = 2147483647;
			files = (
				90D7B48121B21EBA00F85FBC /* LaunchScreen.storyboard in Resources */,
				90D7B47E21B21EBA00F85FBC /* Assets.xcassets in Resources */,
				90D7B47C21B21EB800F85FBC /* Main.storyboard in Resources */,
			);
			runOnlyForDeploymentPostprocessing = 0;
		};
/* End PBXResourcesBuildPhase section */

/* Begin PBXSourcesBuildPhase section */
		90D7B46F21B21EB800F85FBC /* Sources */ = {
			isa = PBXSourcesBuildPhase;
			buildActionMask = 2147483647;
			files = (
				90D7B48921B21EE400F85FBC /* ReadMe.swift in Sources */,
				90D7B47921B21EB800F85FBC /* ViewController.swift in Sources */,
				90D7B49921B4D1BE00F85FBC /* LocationService.swift in Sources */,
				90D7B49721B4976B00F85FBC /* APIKeys.swift in Sources */,
				90D7B48F21B2BDFC00F85FBC /* WebService.swift in Sources */,
				9078A2B021B7236500576D4C /* UpdateService.swift in Sources */,
				90D7B49F21B649F400F85FBC /* WeatherViewModel.swift in Sources */,
				90D7B49D21B5BC6D00F85FBC /* DailyWeatherTableViewCell.swift in Sources */,
				90D7B49521B4945900F85FBC /* WeatherAPIService.swift in Sources */,
				90D7B49121B4242F00F85FBC /* DarkSkyCodeable.swift in Sources */,
				90D7B47721B21EB800F85FBC /* AppDelegate.swift in Sources */,
			);
			runOnlyForDeploymentPostprocessing = 0;
		};
/* End PBXSourcesBuildPhase section */

/* Begin PBXVariantGroup section */
		90D7B47A21B21EB800F85FBC /* Main.storyboard */ = {
			isa = PBXVariantGroup;
			children = (
				90D7B47B21B21EB800F85FBC /* Base */,
			);
			name = Main.storyboard;
			sourceTree = "<group>";
		};
		90D7B47F21B21EBA00F85FBC /* LaunchScreen.storyboard */ = {
			isa = PBXVariantGroup;
			children = (
				90D7B48021B21EBA00F85FBC /* Base */,
			);
			name = LaunchScreen.storyboard;
			sourceTree = "<group>";
		};
/* End PBXVariantGroup section */

/* Begin XCBuildConfiguration section */
		90D7B48321B21EBA00F85FBC /* Debug */ = {
			isa = XCBuildConfiguration;
			buildSettings = {
				ALWAYS_SEARCH_USER_PATHS = NO;
				CLANG_ANALYZER_NONNULL = YES;
				CLANG_ANALYZER_NUMBER_OBJECT_CONVERSION = YES_AGGRESSIVE;
				CLANG_CXX_LANGUAGE_STANDARD = "gnu++14";
				CLANG_CXX_LIBRARY = "libc++";
				CLANG_ENABLE_MODULES = YES;
				CLANG_ENABLE_OBJC_ARC = YES;
				CLANG_ENABLE_OBJC_WEAK = YES;
				CLANG_WARN_BLOCK_CAPTURE_AUTORELEASING = YES;
				CLANG_WARN_BOOL_CONVERSION = YES;
				CLANG_WARN_COMMA = YES;
				CLANG_WARN_CONSTANT_CONVERSION = YES;
				CLANG_WARN_DEPRECATED_OBJC_IMPLEMENTATIONS = YES;
				CLANG_WARN_DIRECT_OBJC_ISA_USAGE = YES_ERROR;
				CLANG_WARN_DOCUMENTATION_COMMENTS = YES;
				CLANG_WARN_EMPTY_BODY = YES;
				CLANG_WARN_ENUM_CONVERSION = YES;
				CLANG_WARN_INFINITE_RECURSION = YES;
				CLANG_WARN_INT_CONVERSION = YES;
				CLANG_WARN_NON_LITERAL_NULL_CONVERSION = YES;
				CLANG_WARN_OBJC_IMPLICIT_RETAIN_SELF = YES;
				CLANG_WARN_OBJC_LITERAL_CONVERSION = YES;
				CLANG_WARN_OBJC_ROOT_CLASS = YES_ERROR;
				CLANG_WARN_RANGE_LOOP_ANALYSIS = YES;
				CLANG_WARN_STRICT_PROTOTYPES = YES;
				CLANG_WARN_SUSPICIOUS_MOVE = YES;
				CLANG_WARN_UNGUARDED_AVAILABILITY = YES_AGGRESSIVE;
				CLANG_WARN_UNREACHABLE_CODE = YES;
				CLANG_WARN__DUPLICATE_METHOD_MATCH = YES;
				CODE_SIGN_IDENTITY = "iPhone Developer";
				COPY_PHASE_STRIP = NO;
				DEBUG_INFORMATION_FORMAT = dwarf;
				ENABLE_STRICT_OBJC_MSGSEND = YES;
				ENABLE_TESTABILITY = YES;
				GCC_C_LANGUAGE_STANDARD = gnu11;
				GCC_DYNAMIC_NO_PIC = NO;
				GCC_NO_COMMON_BLOCKS = YES;
				GCC_OPTIMIZATION_LEVEL = 0;
				GCC_PREPROCESSOR_DEFINITIONS = (
					"DEBUG=1",
					"$(inherited)",
				);
				GCC_WARN_64_TO_32_BIT_CONVERSION = YES;
				GCC_WARN_ABOUT_RETURN_TYPE = YES_ERROR;
				GCC_WARN_UNDECLARED_SELECTOR = YES;
				GCC_WARN_UNINITIALIZED_AUTOS = YES_AGGRESSIVE;
				GCC_WARN_UNUSED_FUNCTION = YES;
				GCC_WARN_UNUSED_VARIABLE = YES;
				IPHONEOS_DEPLOYMENT_TARGET = 12.1;
				MTL_ENABLE_DEBUG_INFO = INCLUDE_SOURCE;
				MTL_FAST_MATH = YES;
				ONLY_ACTIVE_ARCH = YES;
				SDKROOT = iphoneos;
				SWIFT_ACTIVE_COMPILATION_CONDITIONS = DEBUG;
				SWIFT_OPTIMIZATION_LEVEL = "-Onone";
			};
			name = Debug;
		};
		90D7B48421B21EBA00F85FBC /* Release */ = {
			isa = XCBuildConfiguration;
			buildSettings = {
				ALWAYS_SEARCH_USER_PATHS = NO;
				CLANG_ANALYZER_NONNULL = YES;
				CLANG_ANALYZER_NUMBER_OBJECT_CONVERSION = YES_AGGRESSIVE;
				CLANG_CXX_LANGUAGE_STANDARD = "gnu++14";
				CLANG_CXX_LIBRARY = "libc++";
				CLANG_ENABLE_MODULES = YES;
				CLANG_ENABLE_OBJC_ARC = YES;
				CLANG_ENABLE_OBJC_WEAK = YES;
				CLANG_WARN_BLOCK_CAPTURE_AUTORELEASING = YES;
				CLANG_WARN_BOOL_CONVERSION = YES;
				CLANG_WARN_COMMA = YES;
				CLANG_WARN_CONSTANT_CONVERSION = YES;
				CLANG_WARN_DEPRECATED_OBJC_IMPLEMENTATIONS = YES;
				CLANG_WARN_DIRECT_OBJC_ISA_USAGE = YES_ERROR;
				CLANG_WARN_DOCUMENTATION_COMMENTS = YES;
				CLANG_WARN_EMPTY_BODY = YES;
				CLANG_WARN_ENUM_CONVERSION = YES;
				CLANG_WARN_INFINITE_RECURSION = YES;
				CLANG_WARN_INT_CONVERSION = YES;
				CLANG_WARN_NON_LITERAL_NULL_CONVERSION = YES;
				CLANG_WARN_OBJC_IMPLICIT_RETAIN_SELF = YES;
				CLANG_WARN_OBJC_LITERAL_CONVERSION = YES;
				CLANG_WARN_OBJC_ROOT_CLASS = YES_ERROR;
				CLANG_WARN_RANGE_LOOP_ANALYSIS = YES;
				CLANG_WARN_STRICT_PROTOTYPES = YES;
				CLANG_WARN_SUSPICIOUS_MOVE = YES;
				CLANG_WARN_UNGUARDED_AVAILABILITY = YES_AGGRESSIVE;
				CLANG_WARN_UNREACHABLE_CODE = YES;
				CLANG_WARN__DUPLICATE_METHOD_MATCH = YES;
				CODE_SIGN_IDENTITY = "iPhone Developer";
				COPY_PHASE_STRIP = NO;
				DEBUG_INFORMATION_FORMAT = "dwarf-with-dsym";
				ENABLE_NS_ASSERTIONS = NO;
				ENABLE_STRICT_OBJC_MSGSEND = YES;
				GCC_C_LANGUAGE_STANDARD = gnu11;
				GCC_NO_COMMON_BLOCKS = YES;
				GCC_WARN_64_TO_32_BIT_CONVERSION = YES;
				GCC_WARN_ABOUT_RETURN_TYPE = YES_ERROR;
				GCC_WARN_UNDECLARED_SELECTOR = YES;
				GCC_WARN_UNINITIALIZED_AUTOS = YES_AGGRESSIVE;
				GCC_WARN_UNUSED_FUNCTION = YES;
				GCC_WARN_UNUSED_VARIABLE = YES;
				IPHONEOS_DEPLOYMENT_TARGET = 12.1;
				MTL_ENABLE_DEBUG_INFO = NO;
				MTL_FAST_MATH = YES;
				SDKROOT = iphoneos;
				SWIFT_COMPILATION_MODE = wholemodule;
				SWIFT_OPTIMIZATION_LEVEL = "-O";
				VALIDATE_PRODUCT = YES;
			};
			name = Release;
		};
		90D7B48621B21EBA00F85FBC /* Debug */ = {
			isa = XCBuildConfiguration;
			buildSettings = {
				ASSETCATALOG_COMPILER_APPICON_NAME = AppIcon;
				CODE_SIGN_STYLE = Automatic;
				DEVELOPMENT_TEAM = 9Q7GR7F7ZQ;
				INFOPLIST_FILE = WeatherMan/Info.plist;
				IPHONEOS_DEPLOYMENT_TARGET = 10.3;
				LD_RUNPATH_SEARCH_PATHS = (
					"$(inherited)",
					"@executable_path/Frameworks",
				);
				PRODUCT_BUNDLE_IDENTIFIER = com.andrewriznyk.WeatherMan;
				PRODUCT_NAME = "$(TARGET_NAME)";
				SWIFT_VERSION = 4.2;
				TARGETED_DEVICE_FAMILY = "1,2";
			};
			name = Debug;
		};
		90D7B48721B21EBA00F85FBC /* Release */ = {
			isa = XCBuildConfiguration;
			buildSettings = {
				ASSETCATALOG_COMPILER_APPICON_NAME = AppIcon;
				CODE_SIGN_STYLE = Automatic;
				DEVELOPMENT_TEAM = 9Q7GR7F7ZQ;
				INFOPLIST_FILE = WeatherMan/Info.plist;
				IPHONEOS_DEPLOYMENT_TARGET = 10.3;
				LD_RUNPATH_SEARCH_PATHS = (
					"$(inherited)",
					"@executable_path/Frameworks",
				);
				PRODUCT_BUNDLE_IDENTIFIER = com.andrewriznyk.WeatherMan;
				PRODUCT_NAME = "$(TARGET_NAME)";
				SWIFT_VERSION = 4.2;
				TARGETED_DEVICE_FAMILY = "1,2";
			};
			name = Release;
		};
/* End XCBuildConfiguration section */

/* Begin XCConfigurationList section */
		90D7B46E21B21EB800F85FBC /* Build configuration list for PBXProject "WeatherMan" */ = {
			isa = XCConfigurationList;
			buildConfigurations = (
				90D7B48321B21EBA00F85FBC /* Debug */,
				90D7B48421B21EBA00F85FBC /* Release */,
			);
			defaultConfigurationIsVisible = 0;
			defaultConfigurationName = Release;
		};
		90D7B48521B21EBA00F85FBC /* Build configuration list for PBXNativeTarget "WeatherMan" */ = {
			isa = XCConfigurationList;
			buildConfigurations = (
				90D7B48621B21EBA00F85FBC /* Debug */,
				90D7B48721B21EBA00F85FBC /* Release */,
			);
			defaultConfigurationIsVisible = 0;
			defaultConfigurationName = Release;
		};
/* End XCConfigurationList section */
	};
	rootObject = 90D7B46B21B21EB800F85FBC /* Project object */;
}
